version = 1
revision = 3
requires-python = "==3.9.*"

[[package]]
name = "boto3"
version = "1.40.27"
source = { registry = "https://pypi.org/simple" }
dependencies = [
    { name = "botocore" },
    { name = "jmespath" },
    { name = "s3transfer" },
]
sdist = { url = "https://files.pythonhosted.org/packages/a1/32/85c4956285aee9f7bc087662738423020b3c40149ea6a6766dbaeb644208/boto3-1.40.27.tar.gz", hash = "sha256:bf1e0f5aa79dbeedff14926dc2eb1b57bc119fa9015a190a24b6cd5bf9a60e9a", size = 111545, upload-time = "2025-09-09T19:23:40.848Z" }
wheels = [
    { url = "https://files.pythonhosted.org/packages/f1/6a/c19f053781c5970d63e9210cbd044dc9fb9442ff16714bf94a35ba9c0d88/boto3-1.40.27-py3-none-any.whl", hash = "sha256:397d8cde7924f03b25eb553d5ed69293697dbfa1ca29b07369b3fa2df8318eca", size = 139327, upload-time = "2025-09-09T19:23:38.864Z" },
]

[[package]]
name = "botocore"
version = "1.40.27"
source = { registry = "https://pypi.org/simple" }
dependencies = [
    { name = "jmespath" },
    { name = "python-dateutil" },
    { name = "urllib3" },
]
sdist = { url = "https://files.pythonhosted.org/packages/02/a1/c5c8223cb3ff4d7ada79845ed8f2b17108895e5c9c21ad0de31d1d9f3b16/botocore-1.40.27.tar.gz", hash = "sha256:f7cb28668751d85adc7f17929efa684640d8e2739800a86a05d4bc38f8443d1c", size = 14339872, upload-time = "2025-09-09T19:23:27.578Z" }
wheels = [
    { url = "https://files.pythonhosted.org/packages/6c/45/736eea55d9a6343bc1dba7826348655acbfceb47987444409276e8d555fc/botocore-1.40.27-py3-none-any.whl", hash = "sha256:47441c94913740f5c24abf3d7f6fa534f12705e4c6669cd2e8443f3b3ca9d7ca", size = 14012750, upload-time = "2025-09-09T19:23:23.284Z" },
]

[[package]]
name = "jmespath"
version = "1.0.1"
source = { registry = "https://pypi.org/simple" }
sdist = { url = "https://files.pythonhosted.org/packages/00/2a/e867e8531cf3e36b41201936b7fa7ba7b5702dbef42922193f05c8976cd6/jmespath-1.0.1.tar.gz", hash = "sha256:90261b206d6defd58fdd5e85f478bf633a2901798906be2ad389150c5c60edbe", size = 25843, upload-time = "2022-06-17T18:00:12.224Z" }
wheels = [
    { url = "https://files.pythonhosted.org/packages/31/b4/b9b800c45527aadd64d5b442f9b932b00648617eb5d63d2c7a6587b7cafc/jmespath-1.0.1-py3-none-any.whl", hash = "sha256:02e2e4cc71b5bcab88332eebf907519190dd9e6e82107fa7f83b1003a6252980", size = 20256, upload-time = "2022-06-17T18:00:10.251Z" },
]

[[package]]
name = "mysklearn"
version = "0.1.0"
source = { virtual = "." }
dependencies = [
    { name = "numpy" },
    { name = "sagemaker-inference" },
    { name = "scipy" },
    { name = "xgboost" },
]

[package.metadata]
requires-dist = [
    { name = "numpy", specifier = "~=1.24.1" },
    { name = "sagemaker-inference", specifier = ">=1.10.1" },
    { name = "scipy", specifier = "~=1.8.0" },
    { name = "xgboost", specifier = ">=1.0,<3.0" },
]

[[package]]
name = "numpy"
version = "1.24.4"
source = { registry = "https://pypi.org/simple" }
sdist = { url = "https://files.pythonhosted.org/packages/a4/9b/027bec52c633f6556dba6b722d9a0befb40498b9ceddd29cbe67a45a127c/numpy-1.24.4.tar.gz", hash = "sha256:80f5e3a4e498641401868df4208b74581206afbee7cf7b8329daae82676d9463", size = 10911229, upload-time = "2023-06-26T13:39:33.218Z" }
wheels = [
    { url = "https://files.pythonhosted.org/packages/9a/cd/d5b0402b801c8a8b56b04c1e85c6165efab298d2f0ab741c2406516ede3a/numpy-1.24.4-cp39-cp39-macosx_10_9_x86_64.whl", hash = "sha256:2541312fbf09977f3b3ad449c4e5f4bb55d0dbf79226d7724211acc905049400", size = 19816549, upload-time = "2023-06-26T13:30:36.976Z" },
    { url = "https://files.pythonhosted.org/packages/14/27/638aaa446f39113a3ed38b37a66243e21b38110d021bfcb940c383e120f2/numpy-1.24.4-cp39-cp39-macosx_11_0_arm64.whl", hash = "sha256:9667575fb6d13c95f1b36aca12c5ee3356bf001b714fc354eb5465ce1609e62f", size = 13879950, upload-time = "2023-06-26T13:31:01.787Z" },
    { url = "https://files.pythonhosted.org/packages/8f/27/91894916e50627476cff1a4e4363ab6179d01077d71b9afed41d9e1f18bf/numpy-1.24.4-cp39-cp39-manylinux_2_17_aarch64.manylinux2014_aarch64.whl", hash = "sha256:f3a86ed21e4f87050382c7bc96571755193c4c1392490744ac73d660e8f564a9", size = 14030228, upload-time = "2023-06-26T13:31:26.696Z" },
    { url = "https://files.pythonhosted.org/packages/7a/7c/d7b2a0417af6428440c0ad7cb9799073e507b1a465f827d058b826236964/numpy-1.24.4-cp39-cp39-manylinux_2_17_x86_64.manylinux2014_x86_64.whl", hash = "sha256:d11efb4dbecbdf22508d55e48d9c8384db795e1b7b51ea735289ff96613ff74d", size = 17311170, upload-time = "2023-06-26T13:31:56.615Z" },
    { url = "https://files.pythonhosted.org/packages/18/9d/e02ace5d7dfccee796c37b995c63322674daf88ae2f4a4724c5dd0afcc91/numpy-1.24.4-cp39-cp39-win32.whl", hash = "sha256:6620c0acd41dbcb368610bb2f4d83145674040025e5536954782467100aa8835", size = 12454918, upload-time = "2023-06-26T13:32:16.8Z" },
    { url = "https://files.pythonhosted.org/packages/63/38/6cc19d6b8bfa1d1a459daf2b3fe325453153ca7019976274b6f33d8b5663/numpy-1.24.4-cp39-cp39-win_amd64.whl", hash = "sha256:befe2bf740fd8373cf56149a5c23a0f601e82869598d41f8e188a0e9869926f8", size = 14867441, upload-time = "2023-06-26T13:32:40.521Z" },
]

[[package]]
name = "nvidia-nccl-cu12"
version = "2.28.3"
source = { registry = "https://pypi.org/simple" }
wheels = [
    { url = "https://files.pythonhosted.org/packages/99/76/a87f70dc4544f76abf528c335a5c107130cca5c345725b1d2ad03bf2c2a2/nvidia_nccl_cu12-2.28.3-py3-none-manylinux_2_18_aarch64.whl", hash = "sha256:85144f2197e81148e18f3ffd28a30d78b5046844877630d2710a1b22669a6e46", size = 295887310, upload-time = "2025-09-06T00:31:43.228Z" },
    { url = "https://files.pythonhosted.org/packages/5d/24/11df42593d1a6d10b3ffef049cec064832f108e77bc5cac12726e4ec1cb2/nvidia_nccl_cu12-2.28.3-py3-none-manylinux_2_18_x86_64.whl", hash = "sha256:79cf0412094e4a552889e5cb7757d92c010ead557ec722c5eebe6a94b1d8681c", size = 295901337, upload-time = "2025-09-06T00:32:01.348Z" },
]

[[package]]
name = "psutil"
version = "7.0.0"
source = { registry = "https://pypi.org/simple" }
sdist = { url = "https://files.pythonhosted.org/packages/2a/80/336820c1ad9286a4ded7e845b2eccfcb27851ab8ac6abece774a6ff4d3de/psutil-7.0.0.tar.gz", hash = "sha256:7be9c3eba38beccb6495ea33afd982a44074b78f28c434a1f51cc07fd315c456", size = 497003, upload-time = "2025-02-13T21:54:07.946Z" }
wheels = [
    { url = "https://files.pythonhosted.org/packages/ed/e6/2d26234410f8b8abdbf891c9da62bee396583f713fb9f3325a4760875d22/psutil-7.0.0-cp36-abi3-macosx_10_9_x86_64.whl", hash = "sha256:101d71dc322e3cffd7cea0650b09b3d08b8e7c4109dd6809fe452dfd00e58b25", size = 238051, upload-time = "2025-02-13T21:54:12.36Z" },
    { url = "https://files.pythonhosted.org/packages/04/8b/30f930733afe425e3cbfc0e1468a30a18942350c1a8816acfade80c005c4/psutil-7.0.0-cp36-abi3-macosx_11_0_arm64.whl", hash = "sha256:39db632f6bb862eeccf56660871433e111b6ea58f2caea825571951d4b6aa3da", size = 239535, upload-time = "2025-02-13T21:54:16.07Z" },
    { url = "https://files.pythonhosted.org/packages/2a/ed/d362e84620dd22876b55389248e522338ed1bf134a5edd3b8231d7207f6d/psutil-7.0.0-cp36-abi3-manylinux_2_12_i686.manylinux2010_i686.manylinux_2_17_i686.manylinux2014_i686.whl", hash = "sha256:1fcee592b4c6f146991ca55919ea3d1f8926497a713ed7faaf8225e174581e91", size = 275004, upload-time = "2025-02-13T21:54:18.662Z" },
    { url = "https://files.pythonhosted.org/packages/bf/b9/b0eb3f3cbcb734d930fdf839431606844a825b23eaf9a6ab371edac8162c/psutil-7.0.0-cp36-abi3-manylinux_2_12_x86_64.manylinux2010_x86_64.manylinux_2_17_x86_64.manylinux2014_x86_64.whl", hash = "sha256:4b1388a4f6875d7e2aff5c4ca1cc16c545ed41dd8bb596cefea80111db353a34", size = 277986, upload-time = "2025-02-13T21:54:21.811Z" },
    { url = "https://files.pythonhosted.org/packages/eb/a2/709e0fe2f093556c17fbafda93ac032257242cabcc7ff3369e2cb76a97aa/psutil-7.0.0-cp36-abi3-manylinux_2_17_aarch64.manylinux2014_aarch64.whl", hash = "sha256:a5f098451abc2828f7dc6b58d44b532b22f2088f4999a937557b603ce72b1993", size = 279544, upload-time = "2025-02-13T21:54:24.68Z" },
    { url = "https://files.pythonhosted.org/packages/50/e6/eecf58810b9d12e6427369784efe814a1eec0f492084ce8eb8f4d89d6d61/psutil-7.0.0-cp37-abi3-win32.whl", hash = "sha256:ba3fcef7523064a6c9da440fc4d6bd07da93ac726b5733c29027d7dc95b39d99", size = 241053, upload-time = "2025-02-13T21:54:34.31Z" },
    { url = "https://files.pythonhosted.org/packages/50/1b/6921afe68c74868b4c9fa424dad3be35b095e16687989ebbb50ce4fceb7c/psutil-7.0.0-cp37-abi3-win_amd64.whl", hash = "sha256:4cf3d4eb1aa9b348dec30105c55cd9b7d4629285735a102beb4441e38db90553", size = 244885, upload-time = "2025-02-13T21:54:37.486Z" },
]

[[package]]
name = "python-dateutil"
version = "2.9.0.post0"
source = { registry = "https://pypi.org/simple" }
dependencies = [
    { name = "six" },
]
sdist = { url = "https://files.pythonhosted.org/packages/66/c0/0c8b6ad9f17a802ee498c46e004a0eb49bc148f2fd230864601a86dcf6db/python-dateutil-2.9.0.post0.tar.gz", hash = "sha256:37dd54208da7e1cd875388217d5e00ebd4179249f90fb72437e91a35459a0ad3", size = 342432, upload-time = "2024-03-01T18:36:20.211Z" }
wheels = [
    { url = "https://files.pythonhosted.org/packages/ec/57/56b9bcc3c9c6a792fcbaf139543cee77261f3651ca9da0c93f5c1221264b/python_dateutil-2.9.0.post0-py2.py3-none-any.whl", hash = "sha256:a8b2bc7bffae282281c8140a97d3aa9c14da0b136dfe83f850eea9a5f7470427", size = 229892, upload-time = "2024-03-01T18:36:18.57Z" },
]

[[package]]
name = "retrying"
version = "1.3.7"
source = { registry = "https://pypi.org/simple" }
sdist = { url = "https://files.pythonhosted.org/packages/db/4b/8e06a67c8256a546107d2287bf0b0053a0f147de9a0763b10f12d7717eca/retrying-1.3.7.tar.gz", hash = "sha256:7aab7324db8ad92029eef1073bf7257315cc7d9f861243a66b916c164a2c3c20", size = 11171, upload-time = "2025-07-05T05:00:21.385Z" }
wheels = [
    { url = "https://files.pythonhosted.org/packages/05/41/aeac1881a65fc3e6326ca3cbd6e39a37c78ed55f6fb4d26203bddd37802f/retrying-1.3.7-py3-none-any.whl", hash = "sha256:4449b0a9f6754ab381aabc2771a2aa8350cfe194c2238992e1303b662cfa94e2", size = 11965, upload-time = "2025-07-05T05:00:20.078Z" },
]

[[package]]
name = "s3transfer"
version = "0.14.0"
source = { registry = "https://pypi.org/simple" }
dependencies = [
    { name = "botocore" },
]
sdist = { url = "https://files.pythonhosted.org/packages/62/74/8d69dcb7a9efe8baa2046891735e5dfe433ad558ae23d9e3c14c633d1d58/s3transfer-0.14.0.tar.gz", hash = "sha256:eff12264e7c8b4985074ccce27a3b38a485bb7f7422cc8046fee9be4983e4125", size = 151547, upload-time = "2025-09-09T19:23:31.089Z" }
wheels = [
    { url = "https://files.pythonhosted.org/packages/48/f0/ae7ca09223a81a1d890b2557186ea015f6e0502e9b8cb8e1813f1d8cfa4e/s3transfer-0.14.0-py3-none-any.whl", hash = "sha256:ea3b790c7077558ed1f02a3072fb3cb992bbbd253392f4b6e9e8976941c7d456", size = 85712, upload-time = "2025-09-09T19:23:30.041Z" },
]

[[package]]
name = "sagemaker-inference"
version = "1.10.1"
source = { registry = "https://pypi.org/simple" }
dependencies = [
    { name = "boto3" },
    { name = "numpy" },
    { name = "psutil" },
    { name = "retrying" },
    { name = "scipy" },
    { name = "six" },
]
sdist = { url = "https://files.pythonhosted.org/packages/da/4e/f10fbc7675501500beb90caa5f0740321dd25593831d50df758320806b5b/sagemaker_inference-1.10.1.tar.gz", hash = "sha256:7aab74809c8eb28c6980eda52cd46e2ca9699a581f291477a0aa3b12ce5e9762", size = 23394, upload-time = "2023-10-25T09:40:28.723Z" }

[[package]]
name = "scipy"
version = "1.8.1"
source = { registry = "https://pypi.org/simple" }
dependencies = [
    { name = "numpy" },
]
sdist = { url = "https://files.pythonhosted.org/packages/26/b5/9330f004b9a3b2b6a31f59f46f1617ce9ca15c0e7fe64288c20385a05c9d/scipy-1.8.1.tar.gz", hash = "sha256:9e3fb1b0e896f14a85aa9a28d5f755daaeeb54c897b746df7a55ccb02b340f33", size = 38196215, upload-time = "2022-05-18T12:47:44.455Z" }
wheels = [
    { url = "https://files.pythonhosted.org/packages/b0/de/e8d273063e1b21ec82e4a09a9654c4dcbc3215abbd59b7038c4ff4272e9e/scipy-1.8.1-cp39-cp39-macosx_10_9_x86_64.whl", hash = "sha256:f3e7a8867f307e3359cc0ed2c63b61a1e33a19080f92fe377bc7d49f646f2ec1", size = 35010430, upload-time = "2022-05-18T12:39:29.352Z" },
    { url = "https://files.pythonhosted.org/packages/66/d0/faf1d69525836cd4b6a51407b39836f77de266777d073ce5698b3a5244e3/scipy-1.8.1-cp39-cp39-macosx_12_0_arm64.whl", hash = "sha256:2ef0fbc8bcf102c1998c1f16f15befe7cffba90895d6e84861cd6c6a33fb54f6", size = 28673564, upload-time = "2022-05-18T12:40:11.624Z" },
    { url = "https://files.pythonhosted.org/packages/26/e9/2f8b355f9f974aef72067eec4e1f98293f9afe1537da1616e5f228e3b6ec/scipy-1.8.1-cp39-cp39-macosx_12_0_universal2.macosx_10_9_x86_64.whl", hash = "sha256:83606129247e7610b58d0e1e93d2c5133959e9cf93555d3c27e536892f1ba1f2", size = 55629043, upload-time = "2022-05-18T12:41:31.181Z" },
    { url = "https://files.pythonhosted.org/packages/f9/48/a4a61c0e920d27f6bda6f78e7c69daef60291b9842a7b8e775bed1e11dae/scipy-1.8.1-cp39-cp39-manylinux_2_12_i686.manylinux2010_i686.whl", hash = "sha256:93d07494a8900d55492401917a119948ed330b8c3f1d700e0b904a578f10ead4", size = 36644052, upload-time = "2022-05-18T12:42:25.878Z" },
    { url = "https://files.pythonhosted.org/packages/37/4a/3793af0083296bfae244629be13fdc91cad104cf5cf3d1f20de4b46e221b/scipy-1.8.1-cp39-cp39-manylinux_2_17_aarch64.manylinux2014_aarch64.whl", hash = "sha256:d3b3c8924252caaffc54d4a99f1360aeec001e61267595561089f8b5900821bb", size = 38868759, upload-time = "2022-05-18T12:43:22.709Z" },
    { url = "https://files.pythonhosted.org/packages/25/82/da07cc3bb40554f1f82d7e24bfa7ffbfb05b50c16eb8d738ebb74b68af8f/scipy-1.8.1-cp39-cp39-manylinux_2_17_x86_64.manylinux2014_x86_64.whl", hash = "sha256:70de2f11bf64ca9921fda018864c78af7147025e467ce9f4a11bc877266900a6", size = 42160064, upload-time = "2022-05-18T12:44:24.223Z" },
    { url = "https://files.pythonhosted.org/packages/64/f7/20bcaf6dd6f21529e34243956ef8ddbee0de90aa7ccce51cb4af9636b5c9/scipy-1.8.1-cp39-cp39-win32.whl", hash = "sha256:1166514aa3bbf04cb5941027c6e294a000bba0cf00f5cdac6c77f2dad479b434", size = 33437645, upload-time = "2022-05-18T12:45:15.421Z" },
    { url = "https://files.pythonhosted.org/packages/ba/a1/a8fa291b8ae6523866dd099af377bc508c280c8ca43a42483c76775ce3cd/scipy-1.8.1-cp39-cp39-win_amd64.whl", hash = "sha256:9dd4012ac599a1e7eb63c114d1eee1bcfc6dc75a29b589ff0ad0bb3d9412034f", size = 36906177, upload-time = "2022-05-18T12:46:09.764Z" },
]

[[package]]
name = "six"
version = "1.17.0"
source = { registry = "https://pypi.org/simple" }
sdist = { url = "https://files.pythonhosted.org/packages/94/e7/b2c673351809dca68a0e064b6af791aa332cf192da575fd474ed7d6f16a2/six-1.17.0.tar.gz", hash = "sha256:ff70335d468e7eb6ec65b95b99d3a2836546063f63acc5171de367e834932a81", size = 34031, upload-time = "2024-12-04T17:35:28.174Z" }
wheels = [
    { url = "https://files.pythonhosted.org/packages/b7/ce/149a00dd41f10bc29e5921b496af8b574d8413afcd5e30dfa0ed46c2cc5e/six-1.17.0-py2.py3-none-any.whl", hash = "sha256:4721f391ed90541fddacab5acf947aa0d3dc7d27b2e1e8eda2be8970586c3274", size = 11050, upload-time = "2024-12-04T17:35:26.475Z" },
]

[[package]]
name = "urllib3"
version = "1.26.20"
source = { registry = "https://pypi.org/simple" }
sdist = { url = "https://files.pythonhosted.org/packages/e4/e8/6ff5e6bc22095cfc59b6ea711b687e2b7ed4bdb373f7eeec370a97d7392f/urllib3-1.26.20.tar.gz", hash = "sha256:40c2dc0c681e47eb8f90e7e27bf6ff7df2e677421fd46756da1161c39ca70d32", size = 307380, upload-time = "2024-08-29T15:43:11.37Z" }
wheels = [
    { url = "https://files.pythonhosted.org/packages/33/cf/8435d5a7159e2a9c83a95896ed596f68cf798005fe107cc655b5c5c14704/urllib3-1.26.20-py2.py3-none-any.whl", hash = "sha256:0ed14ccfbf1c30a9072c7ca157e4319b70d65f623e91e7b32fadb2853431016e", size = 144225, upload-time = "2024-08-29T15:43:08.921Z" },
]

[[package]]
name = "xgboost"
version = "2.1.4"
source = { registry = "https://pypi.org/simple" }
dependencies = [
    { name = "numpy" },
    { name = "nvidia-nccl-cu12", marker = "platform_machine != 'aarch64' and sys_platform == 'linux'" },
    { name = "scipy" },
]
sdist = { url = "https://files.pythonhosted.org/packages/e2/5e/860a1ef13ce38db8c257c83e138be64bcffde8f401e84bf1e2e91838afa3/xgboost-2.1.4.tar.gz", hash = "sha256:ab84c4bbedd7fae1a26f61e9dd7897421d5b08454b51c6eb072abc1d346d08d7", size = 1091127, upload-time = "2025-02-06T18:18:20.192Z" }
wheels = [
    { url = "https://files.pythonhosted.org/packages/b6/fe/7a1d2342c2e93f22b41515e02b73504c7809247b16ae395bd2ee7ef11e19/xgboost-2.1.4-py3-none-macosx_10_15_x86_64.macosx_11_0_x86_64.macosx_12_0_x86_64.whl", hash = "sha256:78d88da184562deff25c820d943420342014dd55e0f4c017cc4563c2148df5ee", size = 2140692, upload-time = "2025-02-06T18:16:59.23Z" },
    { url = "https://files.pythonhosted.org/packages/f5/b6/653a70910739f127adffbefb688ebc22b51139292757de7c22b1e04ce792/xgboost-2.1.4-py3-none-macosx_12_0_arm64.whl", hash = "sha256:523db01d4e74b05c61a985028bde88a4dd380eadc97209310621996d7d5d14a7", size = 1939418, upload-time = "2025-02-06T18:17:02.494Z" },
    { url = "https://files.pythonhosted.org/packages/43/06/905fee34c10fb0d0c3baa15106413b76f360d8e958765ec57c9eddf762fa/xgboost-2.1.4-py3-none-manylinux2014_aarch64.whl", hash = "sha256:57c7e98111aceef4b689d7d2ce738564a1f7fe44237136837a47847b8b33bade", size = 4442052, upload-time = "2025-02-06T18:17:04.029Z" },
    { url = "https://files.pythonhosted.org/packages/f8/6a/41956f91ab984f2fa44529b2551d825a20d33807eba051a60d06ede2a87c/xgboost-2.1.4-py3-none-manylinux2014_x86_64.whl", hash = "sha256:f1343a512e634822eab30d300bfc00bf777dc869d881cc74854b42173cfcdb14", size = 4533170, upload-time = "2025-02-06T18:17:05.753Z" },
    { url = "https://files.pythonhosted.org/packages/b1/53/37032dca20dae7a88ad1907f817a81f232ca6e935f0c28c98db3c0a0bd22/xgboost-2.1.4-py3-none-manylinux_2_28_aarch64.whl", hash = "sha256:d366097d0db047315736f46af852feaa907f6d7371716af741cdce488ae36d20", size = 4206715, upload-time = "2025-02-06T18:17:08.448Z" },
    { url = "https://files.pythonhosted.org/packages/e4/3c/e3a93bfa7e8693c825df5ec02a40f7ff5f0950e02198b1e85da9315a8d47/xgboost-2.1.4-py3-none-manylinux_2_28_x86_64.whl", hash = "sha256:8df6da72963969ab2bf49a520c3e147b1e15cbeddd3aa0e3e039b3532c739339", size = 223642416, upload-time = "2025-02-06T18:17:25.08Z" },
    { url = "https://files.pythonhosted.org/packages/43/80/0b5a2dfcf5b4da27b0b68d2833f05d77e1a374d43db951fca200a1f12a52/xgboost-2.1.4-py3-none-win_amd64.whl", hash = "sha256:8bbfe4fedc151b83a52edbf0de945fd94358b09a81998f2945ad330fd5f20cd6", size = 124910381, upload-time = "2025-02-06T18:17:43.202Z" },
]
